
Microsoft Visual Studio Solution File, Format Version 12.00
# Visual Studio Version 16
VisualStudioVersion = 16.0.31321.278
MinimumVisualStudioVersion = 10.0.40219.1
Project("{FAE04EC0-301F-11D3-BF4B-00C04F79EFBC}") = "TesteTecnicoQualyteam", "TesteTecnicoQualyteam\TesteTecnicoQualyteam.csproj", "{23B30ABE-70CF-4667-B692-AE3BADCC104B}"
EndProject
Global
	GlobalSection(SolutionConfigurationPlatforms) = preSolution
		Debug|Any CPU = Debug|Any CPU
		Release|Any CPU = Release|Any CPU
	EndGlobalSection
	GlobalSection(ProjectConfigurationPlatforms) = postSolution
		{23B30ABE-70CF-4667-B692-AE3BADCC104B}.Debug|Any CPU.ActiveCfg = Debug|Any CPU
		{23B30ABE-70CF-4667-B692-AE3BADCC104B}.Debug|Any CPU.Build.0 = Debug|Any CPU
		{23B30ABE-70CF-4667-B692-AE3BADCC104B}.Release|Any CPU.ActiveCfg = Release|Any CPU
		{23B30ABE-70CF-4667-B692-AE3BADCC104B}.Release|Any CPU.Build.0 = Release|Any CPU
	EndGlobalSection
	GlobalSection(SolutionProperties) = preSolution
		HideSolutionNode = FALSE
	EndGlobalSection
	GlobalSection(ExtensibilityGlobals) = postSolution
		SolutionGuid = {38EB100F-1D19-466E-AB3E-1A890C90BF0D}
	EndGlobalSection
EndGlobal
